
Microsoft Visual Studio Solution File, Format Version 12.00
# Visual Studio 15
VisualStudioVersion = 15.0.26124.0
MinimumVisualStudioVersion = 15.0.26124.0
Project("{2150E333-8FDC-42A3-9474-1A3956D46DE8}") = "src", "src", "{B09190D0-A0EF-4F49-AB3A-8E1F20FB6F78}"
EndProject
Project("{FAE04EC0-301F-11D3-BF4B-00C04F79EFBC}") = "OopFundamentals", "src\OopFundamentals\OopFundamentals.csproj", "{2F5FDB9A-C3CE-4DEF-A0C4-C362D1943B03}"
EndProject
Project("{2150E333-8FDC-42A3-9474-1A3956D46DE8}") = "tests", "tests", "{77F3181B-0EEF-4897-86FE-D75EB8BB1D24}"
EndProject
Project("{FAE04EC0-301F-11D3-BF4B-00C04F79EFBC}") = "OopFundamentals.Tests", "tests\OopFundamentals.Tests\OopFundamentals.Tests.csproj", "{1D5775CF-D297-4471-BF7C-1D0417B2541A}"
EndProject
Global
	GlobalSection(SolutionConfigurationPlatforms) = preSolution
		Debug|Any CPU = Debug|Any CPU
		Debug|x64 = Debug|x64
		Debug|x86 = Debug|x86
		Release|Any CPU = Release|Any CPU
		Release|x64 = Release|x64
		Release|x86 = Release|x86
	EndGlobalSection
	GlobalSection(SolutionProperties) = preSolution
		HideSolutionNode = FALSE
	EndGlobalSection
	GlobalSection(ProjectConfigurationPlatforms) = postSolution
		{2F5FDB9A-C3CE-4DEF-A0C4-C362D1943B03}.Debug|Any CPU.ActiveCfg = Debug|Any CPU
		{2F5FDB9A-C3CE-4DEF-A0C4-C362D1943B03}.Debug|Any CPU.Build.0 = Debug|Any CPU
		{2F5FDB9A-C3CE-4DEF-A0C4-C362D1943B03}.Debug|x64.ActiveCfg = Debug|Any CPU
		{2F5FDB9A-C3CE-4DEF-A0C4-C362D1943B03}.Debug|x64.Build.0 = Debug|Any CPU
		{2F5FDB9A-C3CE-4DEF-A0C4-C362D1943B03}.Debug|x86.ActiveCfg = Debug|Any CPU
		{2F5FDB9A-C3CE-4DEF-A0C4-C362D1943B03}.Debug|x86.Build.0 = Debug|Any CPU
		{2F5FDB9A-C3CE-4DEF-A0C4-C362D1943B03}.Release|Any CPU.ActiveCfg = Release|Any CPU
		{2F5FDB9A-C3CE-4DEF-A0C4-C362D1943B03}.Release|Any CPU.Build.0 = Release|Any CPU
		{2F5FDB9A-C3CE-4DEF-A0C4-C362D1943B03}.Release|x64.ActiveCfg = Release|Any CPU
		{2F5FDB9A-C3CE-4DEF-A0C4-C362D1943B03}.Release|x64.Build.0 = Release|Any CPU
		{2F5FDB9A-C3CE-4DEF-A0C4-C362D1943B03}.Release|x86.ActiveCfg = Release|Any CPU
		{2F5FDB9A-C3CE-4DEF-A0C4-C362D1943B03}.Release|x86.Build.0 = Release|Any CPU
		{1D5775CF-D297-4471-BF7C-1D0417B2541A}.Debug|Any CPU.ActiveCfg = Debug|Any CPU
		{1D5775CF-D297-4471-BF7C-1D0417B2541A}.Debug|Any CPU.Build.0 = Debug|Any CPU
		{1D5775CF-D297-4471-BF7C-1D0417B2541A}.Debug|x64.ActiveCfg = Debug|Any CPU
		{1D5775CF-D297-4471-BF7C-1D0417B2541A}.Debug|x64.Build.0 = Debug|Any CPU
		{1D5775CF-D297-4471-BF7C-1D0417B2541A}.Debug|x86.ActiveCfg = Debug|Any CPU
		{1D5775CF-D297-4471-BF7C-1D0417B2541A}.Debug|x86.Build.0 = Debug|Any CPU
		{1D5775CF-D297-4471-BF7C-1D0417B2541A}.Release|Any CPU.ActiveCfg = Release|Any CPU
		{1D5775CF-D297-4471-BF7C-1D0417B2541A}.Release|Any CPU.Build.0 = Release|Any CPU
		{1D5775CF-D297-4471-BF7C-1D0417B2541A}.Release|x64.ActiveCfg = Release|Any CPU
		{1D5775CF-D297-4471-BF7C-1D0417B2541A}.Release|x64.Build.0 = Release|Any CPU
		{1D5775CF-D297-4471-BF7C-1D0417B2541A}.Release|x86.ActiveCfg = Release|Any CPU
		{1D5775CF-D297-4471-BF7C-1D0417B2541A}.Release|x86.Build.0 = Release|Any CPU
	EndGlobalSection
	GlobalSection(NestedProjects) = preSolution
		{2F5FDB9A-C3CE-4DEF-A0C4-C362D1943B03} = {B09190D0-A0EF-4F49-AB3A-8E1F20FB6F78}
		{1D5775CF-D297-4471-BF7C-1D0417B2541A} = {77F3181B-0EEF-4897-86FE-D75EB8BB1D24}
	EndGlobalSection
EndGlobal
